
Microsoft Visual Studio Solution File, Format Version 12.00
# Visual Studio Version 17
VisualStudioVersion = 17.2.32317.152
MinimumVisualStudioVersion = 10.0.40219.1
Project("{FAE04EC0-301F-11D3-BF4B-00C04F79EFBC}") = "MedicalWebApi", "MedicalWebApi\MedicalWebApi.csproj", "{FCC6D188-AAC2-4237-8EBD-45F3BA32399B}"
EndProject
Global
	GlobalSection(SolutionConfigurationPlatforms) = preSolution
		Debug|Any CPU = Debug|Any CPU
		Release|Any CPU = Release|Any CPU
	EndGlobalSection
	GlobalSection(ProjectConfigurationPlatforms) = postSolution
		{FCC6D188-AAC2-4237-8EBD-45F3BA32399B}.Debug|Any CPU.ActiveCfg = Debug|Any CPU
		{FCC6D188-AAC2-4237-8EBD-45F3BA32399B}.Debug|Any CPU.Build.0 = Debug|Any CPU
		{FCC6D188-AAC2-4237-8EBD-45F3BA32399B}.Release|Any CPU.ActiveCfg = Release|Any CPU
		{FCC6D188-AAC2-4237-8EBD-45F3BA32399B}.Release|Any CPU.Build.0 = Release|Any CPU
	EndGlobalSection
	GlobalSection(SolutionProperties) = preSolution
		HideSolutionNode = FALSE
	EndGlobalSection
	GlobalSection(ExtensibilityGlobals) = postSolution
		SolutionGuid = {ECC4415A-2615-403E-A9F3-3CEAFF78E738}
	EndGlobalSection
EndGlobal
